
Microsoft Visual Studio Solution File, Format Version 12.00
# Visual Studio Version 17
VisualStudioVersion = 17.5.002.0
MinimumVisualStudioVersion = 10.0.40219.1
Project("{9A19103F-16F7-4668-BE54-9A1E7A4F7556}") = "Serializer", "Serializer.csproj", "{D511AC1D-83F9-49FE-888F-918F7B50BC23}"
EndProject
Global
	GlobalSection(SolutionConfigurationPlatforms) = preSolution
		Debug|Any CPU = Debug|Any CPU
		Release|Any CPU = Release|Any CPU
	EndGlobalSection
	GlobalSection(ProjectConfigurationPlatforms) = postSolution
		{D511AC1D-83F9-49FE-888F-918F7B50BC23}.Debug|Any CPU.ActiveCfg = Debug|Any CPU
		{D511AC1D-83F9-49FE-888F-918F7B50BC23}.Debug|Any CPU.Build.0 = Debug|Any CPU
		{D511AC1D-83F9-49FE-888F-918F7B50BC23}.Release|Any CPU.ActiveCfg = Release|Any CPU
		{D511AC1D-83F9-49FE-888F-918F7B50BC23}.Release|Any CPU.Build.0 = Release|Any CPU
	EndGlobalSection
	GlobalSection(SolutionProperties) = preSolution
		HideSolutionNode = FALSE
	EndGlobalSection
	GlobalSection(ExtensibilityGlobals) = postSolution
		SolutionGuid = {A8348ABB-F5D1-474D-9893-2440B7A47D61}
	EndGlobalSection
EndGlobal
